
Microsoft Visual Studio Solution File, Format Version 11.00
# Visual Studio 2010
# SharpDevelop 5.0
Project("{FAE04EC0-301F-11D3-BF4B-00C04F79EFBC}") = "FindSimilar2", "FindSimilar2.csproj", "{C3C8F16A-A83B-4E41-986B-57EA5B42C8BA}"
EndProject
Project("{FAE04EC0-301F-11D3-BF4B-00C04F79EFBC}") = "WaveEditor", "..\WaveEditor\WaveEditor.csproj", "{21758F31-AE69-46D9-8042-6BEC38C1D105}"
EndProject
Global
	GlobalSection(SolutionConfigurationPlatforms) = preSolution
		Debug|Any CPU = Debug|Any CPU
		Release|Any CPU = Release|Any CPU
	EndGlobalSection
	GlobalSection(ProjectConfigurationPlatforms) = postSolution
		{C3C8F16A-A83B-4E41-986B-57EA5B42C8BA}.Debug|Any CPU.ActiveCfg = Debug|Any CPU
		{C3C8F16A-A83B-4E41-986B-57EA5B42C8BA}.Debug|Any CPU.Build.0 = Debug|Any CPU
		{C3C8F16A-A83B-4E41-986B-57EA5B42C8BA}.Release|Any CPU.ActiveCfg = Release|Any CPU
		{C3C8F16A-A83B-4E41-986B-57EA5B42C8BA}.Release|Any CPU.Build.0 = Release|Any CPU
		{21758F31-AE69-46D9-8042-6BEC38C1D105}.Debug|Any CPU.ActiveCfg = Debug|Any CPU
		{21758F31-AE69-46D9-8042-6BEC38C1D105}.Debug|Any CPU.Build.0 = Debug|Any CPU
		{21758F31-AE69-46D9-8042-6BEC38C1D105}.Release|Any CPU.ActiveCfg = Release|Any CPU
		{21758F31-AE69-46D9-8042-6BEC38C1D105}.Release|Any CPU.Build.0 = Release|Any CPU
	EndGlobalSection
EndGlobal
